
Microsoft Visual Studio Solution File, Format Version 12.00
# Visual Studio Version 16
VisualStudioVersion = 16.0.30204.135
MinimumVisualStudioVersion = 10.0.40219.1
Project("{FAE04EC0-301F-11D3-BF4B-00C04F79EFBC}") = "Exercicio05", "Exercicio05.csproj", "{DD5AA44B-B7BD-4792-9872-9BFE5AD792D9}"
EndProject
Global
	GlobalSection(SolutionConfigurationPlatforms) = preSolution
		Debug|Any CPU = Debug|Any CPU
		Release|Any CPU = Release|Any CPU
	EndGlobalSection
	GlobalSection(ProjectConfigurationPlatforms) = postSolution
		{DD5AA44B-B7BD-4792-9872-9BFE5AD792D9}.Debug|Any CPU.ActiveCfg = Debug|Any CPU
		{DD5AA44B-B7BD-4792-9872-9BFE5AD792D9}.Debug|Any CPU.Build.0 = Debug|Any CPU
		{DD5AA44B-B7BD-4792-9872-9BFE5AD792D9}.Release|Any CPU.ActiveCfg = Release|Any CPU
		{DD5AA44B-B7BD-4792-9872-9BFE5AD792D9}.Release|Any CPU.Build.0 = Release|Any CPU
	EndGlobalSection
	GlobalSection(SolutionProperties) = preSolution
		HideSolutionNode = FALSE
	EndGlobalSection
	GlobalSection(ExtensibilityGlobals) = postSolution
		SolutionGuid = {A874CCF1-BDF4-4FA0-A57D-B92B35D09522}
	EndGlobalSection
EndGlobal
